
Microsoft Visual Studio Solution File, Format Version 12.00
# Visual Studio Version 17
VisualStudioVersion = 17.7.34024.191
MinimumVisualStudioVersion = 10.0.40219.1
Project("{FAE04EC0-301F-11D3-BF4B-00C04F79EFBC}") = "mevsim-1", "mevsim-1\mevsim-1.csproj", "{1CAFC17E-89D5-428E-9C29-32B52A3B2FAB}"
EndProject
Global
	GlobalSection(SolutionConfigurationPlatforms) = preSolution
		Debug|Any CPU = Debug|Any CPU
		Release|Any CPU = Release|Any CPU
	EndGlobalSection
	GlobalSection(ProjectConfigurationPlatforms) = postSolution
		{1CAFC17E-89D5-428E-9C29-32B52A3B2FAB}.Debug|Any CPU.ActiveCfg = Debug|Any CPU
		{1CAFC17E-89D5-428E-9C29-32B52A3B2FAB}.Debug|Any CPU.Build.0 = Debug|Any CPU
		{1CAFC17E-89D5-428E-9C29-32B52A3B2FAB}.Release|Any CPU.ActiveCfg = Release|Any CPU
		{1CAFC17E-89D5-428E-9C29-32B52A3B2FAB}.Release|Any CPU.Build.0 = Release|Any CPU
	EndGlobalSection
	GlobalSection(SolutionProperties) = preSolution
		HideSolutionNode = FALSE
	EndGlobalSection
	GlobalSection(ExtensibilityGlobals) = postSolution
		SolutionGuid = {336A6DB2-14EE-43FA-8F7F-C8D538BAFAB2}
	EndGlobalSection
EndGlobal
